// !$*UTF8*$!
{
	archiveVersion = 1;
	classes = {
	};
	objectVersion = 56;
	objects = {

/* Begin PBXBuildFile section */
		1A49EFF62BDE3EF300C183CC /* HeaderButtonModifier.swift in Sources */ = {isa = PBXBuildFile; fileRef = 1A49EFF52BDE3EF300C183CC /* HeaderButtonModifier.swift */; };
		1A49EFF92BDE42C600C183CC /* Book.swift in Sources */ = {isa = PBXBuildFile; fileRef = 1A49EFF82BDE42C600C183CC /* Book.swift */; };
		1A49EFFB2BDE45B900C183CC /* HomeViewModel.swift in Sources */ = {isa = PBXBuildFile; fileRef = 1A49EFFA2BDE45B900C183CC /* HomeViewModel.swift */; };
		1A49EFFE2BDEA57C00C183CC /* DocumentPickerView.swift in Sources */ = {isa = PBXBuildFile; fileRef = 1A49EFFD2BDEA57C00C183CC /* DocumentPickerView.swift */; };
		1A49F0022BDF8CAD00C183CC /* RMBook.swift in Sources */ = {isa = PBXBuildFile; fileRef = 1A49F0012BDF8CAD00C183CC /* RMBook.swift */; };
		1A49F0062BDF8CF300C183CC /* Realm in Frameworks */ = {isa = PBXBuildFile; productRef = 1A49F0052BDF8CF300C183CC /* Realm */; };
		1A49F0082BDF8CF300C183CC /* RealmSwift in Frameworks */ = {isa = PBXBuildFile; productRef = 1A49F0072BDF8CF300C183CC /* RealmSwift */; };
		1A49F00A2BDF8D0700C183CC /* Object+Extension.swift in Sources */ = {isa = PBXBuildFile; fileRef = 1A49F0092BDF8D0700C183CC /* Object+Extension.swift */; };
		1A49F00C2BDF8D5200C183CC /* TypeProtocol.swift in Sources */ = {isa = PBXBuildFile; fileRef = 1A49F00B2BDF8D5200C183CC /* TypeProtocol.swift */; };
		1A49F0102BDF8FA800C183CC /* RealmService.swift in Sources */ = {isa = PBXBuildFile; fileRef = 1A49F00F2BDF8FA700C183CC /* RealmService.swift */; };
		1A49F0142BDF93F800C183CC /* BookItemView.swift in Sources */ = {isa = PBXBuildFile; fileRef = 1A49F0132BDF93F800C183CC /* BookItemView.swift */; };
		1A49F0162BDF942F00C183CC /* BookItemEmptyView.swift in Sources */ = {isa = PBXBuildFile; fileRef = 1A49F0152BDF942F00C183CC /* BookItemEmptyView.swift */; };
		1A49F0182BDF94A500C183CC /* ButtonStackView.swift in Sources */ = {isa = PBXBuildFile; fileRef = 1A49F0172BDF94A500C183CC /* ButtonStackView.swift */; };
		1A49F01B2BDFC70700C183CC /* PDFView.swift in Sources */ = {isa = PBXBuildFile; fileRef = 1A49F01A2BDFC70700C183CC /* PDFView.swift */; };
		1A49F01E2BDFCB9B00C183CC /* DIContainer.swift in Sources */ = {isa = PBXBuildFile; fileRef = 1A49F01D2BDFCB9B00C183CC /* DIContainer.swift */; };
		1A49F0202BDFCBC300C183CC /* Services.swift in Sources */ = {isa = PBXBuildFile; fileRef = 1A49F01F2BDFCBC300C183CC /* Services.swift */; };
		1A49F0232BDFCC6400C183CC /* NavigationDestination.swift in Sources */ = {isa = PBXBuildFile; fileRef = 1A49F0222BDFCC6400C183CC /* NavigationDestination.swift */; };
		1A49F0252BDFCC9A00C183CC /* NavigationRouter.swift in Sources */ = {isa = PBXBuildFile; fileRef = 1A49F0242BDFCC9A00C183CC /* NavigationRouter.swift */; };
		1A49F0272BDFCD1000C183CC /* ObservableObjectSettable.swift in Sources */ = {isa = PBXBuildFile; fileRef = 1A49F0262BDFCD1000C183CC /* ObservableObjectSettable.swift */; };
		1A49F0292BDFDCBF00C183CC /* NavigationRoutingView.swift in Sources */ = {isa = PBXBuildFile; fileRef = 1A49F0282BDFDCBF00C183CC /* NavigationRoutingView.swift */; };
		1A49F02B2BDFDD6800C183CC /* PDFViewModel.swift in Sources */ = {isa = PBXBuildFile; fileRef = 1A49F02A2BDFDD6800C183CC /* PDFViewModel.swift */; };
		1ADF0BA22BDCC4BE008481D8 /* PencilPDFDemoAppApp.swift in Sources */ = {isa = PBXBuildFile; fileRef = 1ADF0BA12BDCC4BE008481D8 /* PencilPDFDemoAppApp.swift */; };
		1ADF0BA42BDCC4BE008481D8 /* HomeView.swift in Sources */ = {isa = PBXBuildFile; fileRef = 1ADF0BA32BDCC4BE008481D8 /* HomeView.swift */; };
		1ADF0BA62BDCC4BF008481D8 /* Assets.xcassets in Resources */ = {isa = PBXBuildFile; fileRef = 1ADF0BA52BDCC4BF008481D8 /* Assets.xcassets */; };
		1ADF0BA92BDCC4BF008481D8 /* Preview Assets.xcassets in Resources */ = {isa = PBXBuildFile; fileRef = 1ADF0BA82BDCC4BF008481D8 /* Preview Assets.xcassets */; };
/* End PBXBuildFile section */

/* Begin PBXFileReference section */
		1A49EFF52BDE3EF300C183CC /* HeaderButtonModifier.swift */ = {isa = PBXFileReference; lastKnownFileType = sourcecode.swift; path = HeaderButtonModifier.swift; sourceTree = "<group>"; };
		1A49EFF82BDE42C600C183CC /* Book.swift */ = {isa = PBXFileReference; lastKnownFileType = sourcecode.swift; path = Book.swift; sourceTree = "<group>"; };
		1A49EFFA2BDE45B900C183CC /* HomeViewModel.swift */ = {isa = PBXFileReference; lastKnownFileType = sourcecode.swift; path = HomeViewModel.swift; sourceTree = "<group>"; };
		1A49EFFD2BDEA57C00C183CC /* DocumentPickerView.swift */ = {isa = PBXFileReference; lastKnownFileType = sourcecode.swift; path = DocumentPickerView.swift; sourceTree = "<group>"; };
		1A49F0012BDF8CAD00C183CC /* RMBook.swift */ = {isa = PBXFileReference; lastKnownFileType = sourcecode.swift; path = RMBook.swift; sourceTree = "<group>"; };
		1A49F0032BDF8CC100C183CC /* Info.plist */ = {isa = PBXFileReference; lastKnownFileType = text.plist; path = Info.plist; sourceTree = "<group>"; };
		1A49F0092BDF8D0700C183CC /* Object+Extension.swift */ = {isa = PBXFileReference; lastKnownFileType = sourcecode.swift; path = "Object+Extension.swift"; sourceTree = "<group>"; };
		1A49F00B2BDF8D5200C183CC /* TypeProtocol.swift */ = {isa = PBXFileReference; lastKnownFileType = sourcecode.swift; path = TypeProtocol.swift; sourceTree = "<group>"; };
		1A49F00F2BDF8FA700C183CC /* RealmService.swift */ = {isa = PBXFileReference; lastKnownFileType = sourcecode.swift; path = RealmService.swift; sourceTree = "<group>"; };
		1A49F0132BDF93F800C183CC /* BookItemView.swift */ = {isa = PBXFileReference; lastKnownFileType = sourcecode.swift; path = BookItemView.swift; sourceTree = "<group>"; };
		1A49F0152BDF942F00C183CC /* BookItemEmptyView.swift */ = {isa = PBXFileReference; lastKnownFileType = sourcecode.swift; path = BookItemEmptyView.swift; sourceTree = "<group>"; };
		1A49F0172BDF94A500C183CC /* ButtonStackView.swift */ = {isa = PBXFileReference; lastKnownFileType = sourcecode.swift; path = ButtonStackView.swift; sourceTree = "<group>"; };
		1A49F01A2BDFC70700C183CC /* PDFView.swift */ = {isa = PBXFileReference; lastKnownFileType = sourcecode.swift; path = PDFView.swift; sourceTree = "<group>"; };
		1A49F01D2BDFCB9B00C183CC /* DIContainer.swift */ = {isa = PBXFileReference; lastKnownFileType = sourcecode.swift; path = DIContainer.swift; sourceTree = "<group>"; };
		1A49F01F2BDFCBC300C183CC /* Services.swift */ = {isa = PBXFileReference; lastKnownFileType = sourcecode.swift; path = Services.swift; sourceTree = "<group>"; };
		1A49F0222BDFCC6400C183CC /* NavigationDestination.swift */ = {isa = PBXFileReference; lastKnownFileType = sourcecode.swift; path = NavigationDestination.swift; sourceTree = "<group>"; };
		1A49F0242BDFCC9A00C183CC /* NavigationRouter.swift */ = {isa = PBXFileReference; lastKnownFileType = sourcecode.swift; path = NavigationRouter.swift; sourceTree = "<group>"; };
		1A49F0262BDFCD1000C183CC /* ObservableObjectSettable.swift */ = {isa = PBXFileReference; lastKnownFileType = sourcecode.swift; path = ObservableObjectSettable.swift; sourceTree = "<group>"; };
		1A49F0282BDFDCBF00C183CC /* NavigationRoutingView.swift */ = {isa = PBXFileReference; lastKnownFileType = sourcecode.swift; path = NavigationRoutingView.swift; sourceTree = "<group>"; };
		1A49F02A2BDFDD6800C183CC /* PDFViewModel.swift */ = {isa = PBXFileReference; lastKnownFileType = sourcecode.swift; path = PDFViewModel.swift; sourceTree = "<group>"; };
		1ADF0B9E2BDCC4BE008481D8 /* PencilPDFDemoApp.app */ = {isa = PBXFileReference; explicitFileType = wrapper.application; includeInIndex = 0; path = PencilPDFDemoApp.app; sourceTree = BUILT_PRODUCTS_DIR; };
		1ADF0BA12BDCC4BE008481D8 /* PencilPDFDemoAppApp.swift */ = {isa = PBXFileReference; lastKnownFileType = sourcecode.swift; path = PencilPDFDemoAppApp.swift; sourceTree = "<group>"; };
		1ADF0BA32BDCC4BE008481D8 /* HomeView.swift */ = {isa = PBXFileReference; lastKnownFileType = sourcecode.swift; path = HomeView.swift; sourceTree = "<group>"; };
		1ADF0BA52BDCC4BF008481D8 /* Assets.xcassets */ = {isa = PBXFileReference; lastKnownFileType = folder.assetcatalog; path = Assets.xcassets; sourceTree = "<group>"; };
		1ADF0BA82BDCC4BF008481D8 /* Preview Assets.xcassets */ = {isa = PBXFileReference; lastKnownFileType = folder.assetcatalog; path = "Preview Assets.xcassets"; sourceTree = "<group>"; };
/* End PBXFileReference section */

/* Begin PBXFrameworksBuildPhase section */
		1ADF0B9B2BDCC4BE008481D8 /* Frameworks */ = {
			isa = PBXFrameworksBuildPhase;
			buildActionMask = 2147483647;
			files = (
				1A49F0082BDF8CF300C183CC /* RealmSwift in Frameworks */,
				1A49F0062BDF8CF300C183CC /* Realm in Frameworks */,
			);
			runOnlyForDeploymentPostprocessing = 0;
		};
/* End PBXFrameworksBuildPhase section */

/* Begin PBXGroup section */
		1A49EFF42BDE3ED900C183CC /* Utils */ = {
			isa = PBXGroup;
			children = (
				1A49F0112BDF931800C183CC /* Modifier */,
			);
			path = Utils;
			sourceTree = "<group>";
		};
		1A49EFF72BDE42A600C183CC /* Model */ = {
			isa = PBXGroup;
			children = (
				1A49EFF82BDE42C600C183CC /* Book.swift */,
			);
			path = Model;
			sourceTree = "<group>";
		};
		1A49EFFF2BDF8C8400C183CC /* Service */ = {
			isa = PBXGroup;
			children = (
				1A49F01F2BDFCBC300C183CC /* Services.swift */,
				1A49F0002BDF8C8C00C183CC /* RealmService */,
			);
			path = Service;
			sourceTree = "<group>";
		};
		1A49F0002BDF8C8C00C183CC /* RealmService */ = {
			isa = PBXGroup;
			children = (
				1A49F00E2BDF8F9800C183CC /* Utils */,
				1A49F00D2BDF8F9100C183CC /* Entity */,
				1A49F00F2BDF8FA700C183CC /* RealmService.swift */,
			);
			path = RealmService;
			sourceTree = "<group>";
		};
		1A49F00D2BDF8F9100C183CC /* Entity */ = {
			isa = PBXGroup;
			children = (
				1A49F0012BDF8CAD00C183CC /* RMBook.swift */,
			);
			path = Entity;
			sourceTree = "<group>";
		};
		1A49F00E2BDF8F9800C183CC /* Utils */ = {
			isa = PBXGroup;
			children = (
				1A49F0092BDF8D0700C183CC /* Object+Extension.swift */,
				1A49F00B2BDF8D5200C183CC /* TypeProtocol.swift */,
			);
			path = Utils;
			sourceTree = "<group>";
		};
		1A49F0112BDF931800C183CC /* Modifier */ = {
			isa = PBXGroup;
			children = (
				1A49EFF52BDE3EF300C183CC /* HeaderButtonModifier.swift */,
			);
			path = Modifier;
			sourceTree = "<group>";
		};
		1A49F0122BDF93E700C183CC /* SubView */ = {
			isa = PBXGroup;
			children = (
				1A49EFFD2BDEA57C00C183CC /* DocumentPickerView.swift */,
				1A49F0132BDF93F800C183CC /* BookItemView.swift */,
				1A49F0152BDF942F00C183CC /* BookItemEmptyView.swift */,
				1A49F0172BDF94A500C183CC /* ButtonStackView.swift */,
			);
			path = SubView;
			sourceTree = "<group>";
		};
		1A49F0192BDFC6F700C183CC /* PDFView */ = {
			isa = PBXGroup;
			children = (
				1A49F01A2BDFC70700C183CC /* PDFView.swift */,
				1A49F02A2BDFDD6800C183CC /* PDFViewModel.swift */,
			);
			path = PDFView;
			sourceTree = "<group>";
		};
		1A49F01C2BDFCB6900C183CC /* Dependency */ = {
			isa = PBXGroup;
			children = (
				1A49F0212BDFCC4600C183CC /* Navigation */,
				1A49F01D2BDFCB9B00C183CC /* DIContainer.swift */,
			);
			path = Dependency;
			sourceTree = "<group>";
		};
		1A49F0212BDFCC4600C183CC /* Navigation */ = {
			isa = PBXGroup;
			children = (
				1A49F0222BDFCC6400C183CC /* NavigationDestination.swift */,
				1A49F0242BDFCC9A00C183CC /* NavigationRouter.swift */,
				1A49F0262BDFCD1000C183CC /* ObservableObjectSettable.swift */,
				1A49F0282BDFDCBF00C183CC /* NavigationRoutingView.swift */,
			);
			path = Navigation;
			sourceTree = "<group>";
		};
		1ADF0B952BDCC4BE008481D8 = {
			isa = PBXGroup;
			children = (
				1ADF0BA02BDCC4BE008481D8 /* PencilPDFDemoApp */,
				1ADF0B9F2BDCC4BE008481D8 /* Products */,
			);
			sourceTree = "<group>";
		};
		1ADF0B9F2BDCC4BE008481D8 /* Products */ = {
			isa = PBXGroup;
			children = (
				1ADF0B9E2BDCC4BE008481D8 /* PencilPDFDemoApp.app */,
			);
			name = Products;
			sourceTree = "<group>";
		};
		1ADF0BA02BDCC4BE008481D8 /* PencilPDFDemoApp */ = {
			isa = PBXGroup;
			children = (
				1A49F0032BDF8CC100C183CC /* Info.plist */,
				1ADF0BB12BDCD145008481D8 /* App */,
				1A49F01C2BDFCB6900C183CC /* Dependency */,
				1A49EFFF2BDF8C8400C183CC /* Service */,
				1A49EFF72BDE42A600C183CC /* Model */,
				1A49EFF42BDE3ED900C183CC /* Utils */,
				1ADF0BAF2BDCD134008481D8 /* View */,
				1ADF0BA52BDCC4BF008481D8 /* Assets.xcassets */,
				1ADF0BA72BDCC4BF008481D8 /* Preview Content */,
			);
			path = PencilPDFDemoApp;
			sourceTree = "<group>";
		};
		1ADF0BA72BDCC4BF008481D8 /* Preview Content */ = {
			isa = PBXGroup;
			children = (
				1ADF0BA82BDCC4BF008481D8 /* Preview Assets.xcassets */,
			);
			path = "Preview Content";
			sourceTree = "<group>";
		};
		1ADF0BAF2BDCD134008481D8 /* View */ = {
			isa = PBXGroup;
			children = (
				1A49F0192BDFC6F700C183CC /* PDFView */,
				1ADF0BB02BDCD13B008481D8 /* Home */,
			);
			path = View;
			sourceTree = "<group>";
		};
		1ADF0BB02BDCD13B008481D8 /* Home */ = {
			isa = PBXGroup;
			children = (
				1A49F0122BDF93E700C183CC /* SubView */,
				1ADF0BA32BDCC4BE008481D8 /* HomeView.swift */,
				1A49EFFA2BDE45B900C183CC /* HomeViewModel.swift */,
			);
			path = Home;
			sourceTree = "<group>";
		};
		1ADF0BB12BDCD145008481D8 /* App */ = {
			isa = PBXGroup;
			children = (
				1ADF0BA12BDCC4BE008481D8 /* PencilPDFDemoAppApp.swift */,
			);
			path = App;
			sourceTree = "<group>";
		};
/* End PBXGroup section */

/* Begin PBXNativeTarget section */
		1ADF0B9D2BDCC4BE008481D8 /* PencilPDFDemoApp */ = {
			isa = PBXNativeTarget;
			buildConfigurationList = 1ADF0BAC2BDCC4BF008481D8 /* Build configuration list for PBXNativeTarget "PencilPDFDemoApp" */;
			buildPhases = (
				1ADF0B9A2BDCC4BE008481D8 /* Sources */,
				1ADF0B9B2BDCC4BE008481D8 /* Frameworks */,
				1ADF0B9C2BDCC4BE008481D8 /* Resources */,
			);
			buildRules = (
			);
			dependencies = (
			);
			name = PencilPDFDemoApp;
			packageProductDependencies = (
				1A49F0052BDF8CF300C183CC /* Realm */,
				1A49F0072BDF8CF300C183CC /* RealmSwift */,
			);
			productName = PencilPDFDemoApp;
			productReference = 1ADF0B9E2BDCC4BE008481D8 /* PencilPDFDemoApp.app */;
			productType = "com.apple.product-type.application";
		};
/* End PBXNativeTarget section */

/* Begin PBXProject section */
		1ADF0B962BDCC4BE008481D8 /* Project object */ = {
			isa = PBXProject;
			attributes = {
				BuildIndependentTargetsInParallel = 1;
				LastSwiftUpdateCheck = 1510;
				LastUpgradeCheck = 1510;
				TargetAttributes = {
					1ADF0B9D2BDCC4BE008481D8 = {
						CreatedOnToolsVersion = 15.1;
					};
				};
			};
			buildConfigurationList = 1ADF0B992BDCC4BE008481D8 /* Build configuration list for PBXProject "PencilPDFDemoApp" */;
			compatibilityVersion = "Xcode 14.0";
			developmentRegion = en;
			hasScannedForEncodings = 0;
			knownRegions = (
				en,
				Base,
			);
			mainGroup = 1ADF0B952BDCC4BE008481D8;
			packageReferences = (
				1A49F0042BDF8CF300C183CC /* XCRemoteSwiftPackageReference "realm-swift" */,
			);
			productRefGroup = 1ADF0B9F2BDCC4BE008481D8 /* Products */;
			projectDirPath = "";
			projectRoot = "";
			targets = (
				1ADF0B9D2BDCC4BE008481D8 /* PencilPDFDemoApp */,
			);
		};
/* End PBXProject section */

/* Begin PBXResourcesBuildPhase section */
		1ADF0B9C2BDCC4BE008481D8 /* Resources */ = {
			isa = PBXResourcesBuildPhase;
			buildActionMask = 2147483647;
			files = (
				1ADF0BA92BDCC4BF008481D8 /* Preview Assets.xcassets in Resources */,
				1ADF0BA62BDCC4BF008481D8 /* Assets.xcassets in Resources */,
			);
			runOnlyForDeploymentPostprocessing = 0;
		};
/* End PBXResourcesBuildPhase section */

/* Begin PBXSourcesBuildPhase section */
		1ADF0B9A2BDCC4BE008481D8 /* Sources */ = {
			isa = PBXSourcesBuildPhase;
			buildActionMask = 2147483647;
			files = (
				1A49F00A2BDF8D0700C183CC /* Object+Extension.swift in Sources */,
				1A49EFF92BDE42C600C183CC /* Book.swift in Sources */,
				1A49F0162BDF942F00C183CC /* BookItemEmptyView.swift in Sources */,
				1A49EFFE2BDEA57C00C183CC /* DocumentPickerView.swift in Sources */,
				1ADF0BA42BDCC4BE008481D8 /* HomeView.swift in Sources */,
				1A49F0292BDFDCBF00C183CC /* NavigationRoutingView.swift in Sources */,
				1A49F00C2BDF8D5200C183CC /* TypeProtocol.swift in Sources */,
				1A49F0022BDF8CAD00C183CC /* RMBook.swift in Sources */,
				1A49F01E2BDFCB9B00C183CC /* DIContainer.swift in Sources */,
				1A49F01B2BDFC70700C183CC /* PDFView.swift in Sources */,
				1ADF0BA22BDCC4BE008481D8 /* PencilPDFDemoAppApp.swift in Sources */,
				1A49EFFB2BDE45B900C183CC /* HomeViewModel.swift in Sources */,
				1A49EFF62BDE3EF300C183CC /* HeaderButtonModifier.swift in Sources */,
				1A49F0142BDF93F800C183CC /* BookItemView.swift in Sources */,
				1A49F02B2BDFDD6800C183CC /* PDFViewModel.swift in Sources */,
				1A49F0202BDFCBC300C183CC /* Services.swift in Sources */,
				1A49F0182BDF94A500C183CC /* ButtonStackView.swift in Sources */,
				1A49F0232BDFCC6400C183CC /* NavigationDestination.swift in Sources */,
				1A49F0102BDF8FA800C183CC /* RealmService.swift in Sources */,
				1A49F0272BDFCD1000C183CC /* ObservableObjectSettable.swift in Sources */,
				1A49F0252BDFCC9A00C183CC /* NavigationRouter.swift in Sources */,
			);
			runOnlyForDeploymentPostprocessing = 0;
		};
/* End PBXSourcesBuildPhase section */

/* Begin XCBuildConfiguration section */
		1ADF0BAA2BDCC4BF008481D8 /* Debug */ = {
			isa = XCBuildConfiguration;
			buildSettings = {
				ALWAYS_SEARCH_USER_PATHS = NO;
				ASSETCATALOG_COMPILER_GENERATE_SWIFT_ASSET_SYMBOL_EXTENSIONS = YES;
				CLANG_ANALYZER_NONNULL = YES;
				CLANG_ANALYZER_NUMBER_OBJECT_CONVERSION = YES_AGGRESSIVE;
				CLANG_CXX_LANGUAGE_STANDARD = "gnu++20";
				CLANG_ENABLE_MODULES = YES;
				CLANG_ENABLE_OBJC_ARC = YES;
				CLANG_ENABLE_OBJC_WEAK = YES;
				CLANG_WARN_BLOCK_CAPTURE_AUTORELEASING = YES;
				CLANG_WARN_BOOL_CONVERSION = YES;
				CLANG_WARN_COMMA = YES;
				CLANG_WARN_CONSTANT_CONVERSION = YES;
				CLANG_WARN_DEPRECATED_OBJC_IMPLEMENTATIONS = YES;
				CLANG_WARN_DIRECT_OBJC_ISA_USAGE = YES_ERROR;
				CLANG_WARN_DOCUMENTATION_COMMENTS = YES;
				CLANG_WARN_EMPTY_BODY = YES;
				CLANG_WARN_ENUM_CONVERSION = YES;
				CLANG_WARN_INFINITE_RECURSION = YES;
				CLANG_WARN_INT_CONVERSION = YES;
				CLANG_WARN_NON_LITERAL_NULL_CONVERSION = YES;
				CLANG_WARN_OBJC_IMPLICIT_RETAIN_SELF = YES;
				CLANG_WARN_OBJC_LITERAL_CONVERSION = YES;
				CLANG_WARN_OBJC_ROOT_CLASS = YES_ERROR;
				CLANG_WARN_QUOTED_INCLUDE_IN_FRAMEWORK_HEADER = YES;
				CLANG_WARN_RANGE_LOOP_ANALYSIS = YES;
				CLANG_WARN_STRICT_PROTOTYPES = YES;
				CLANG_WARN_SUSPICIOUS_MOVE = YES;
				CLANG_WARN_UNGUARDED_AVAILABILITY = YES_AGGRESSIVE;
				CLANG_WARN_UNREACHABLE_CODE = YES;
				CLANG_WARN__DUPLICATE_METHOD_MATCH = YES;
				COPY_PHASE_STRIP = NO;
				DEBUG_INFORMATION_FORMAT = dwarf;
				ENABLE_STRICT_OBJC_MSGSEND = YES;
				ENABLE_TESTABILITY = YES;
				ENABLE_USER_SCRIPT_SANDBOXING = YES;
				GCC_C_LANGUAGE_STANDARD = gnu17;
				GCC_DYNAMIC_NO_PIC = NO;
				GCC_NO_COMMON_BLOCKS = YES;
				GCC_OPTIMIZATION_LEVEL = 0;
				GCC_PREPROCESSOR_DEFINITIONS = (
					"DEBUG=1",
					"$(inherited)",
				);
				GCC_WARN_64_TO_32_BIT_CONVERSION = YES;
				GCC_WARN_ABOUT_RETURN_TYPE = YES_ERROR;
				GCC_WARN_UNDECLARED_SELECTOR = YES;
				GCC_WARN_UNINITIALIZED_AUTOS = YES_AGGRESSIVE;
				GCC_WARN_UNUSED_FUNCTION = YES;
				GCC_WARN_UNUSED_VARIABLE = YES;
				IPHONEOS_DEPLOYMENT_TARGET = 17.2;
				LOCALIZATION_PREFERS_STRING_CATALOGS = YES;
				MTL_ENABLE_DEBUG_INFO = INCLUDE_SOURCE;
				MTL_FAST_MATH = YES;
				ONLY_ACTIVE_ARCH = YES;
				SDKROOT = iphoneos;
				SWIFT_ACTIVE_COMPILATION_CONDITIONS = "DEBUG $(inherited)";
				SWIFT_OPTIMIZATION_LEVEL = "-Onone";
			};
			name = Debug;
		};
		1ADF0BAB2BDCC4BF008481D8 /* Release */ = {
			isa = XCBuildConfiguration;
			buildSettings = {
				ALWAYS_SEARCH_USER_PATHS = NO;
				ASSETCATALOG_COMPILER_GENERATE_SWIFT_ASSET_SYMBOL_EXTENSIONS = YES;
				CLANG_ANALYZER_NONNULL = YES;
				CLANG_ANALYZER_NUMBER_OBJECT_CONVERSION = YES_AGGRESSIVE;
				CLANG_CXX_LANGUAGE_STANDARD = "gnu++20";
				CLANG_ENABLE_MODULES = YES;
				CLANG_ENABLE_OBJC_ARC = YES;
				CLANG_ENABLE_OBJC_WEAK = YES;
				CLANG_WARN_BLOCK_CAPTURE_AUTORELEASING = YES;
				CLANG_WARN_BOOL_CONVERSION = YES;
				CLANG_WARN_COMMA = YES;
				CLANG_WARN_CONSTANT_CONVERSION = YES;
				CLANG_WARN_DEPRECATED_OBJC_IMPLEMENTATIONS = YES;
				CLANG_WARN_DIRECT_OBJC_ISA_USAGE = YES_ERROR;
				CLANG_WARN_DOCUMENTATION_COMMENTS = YES;
				CLANG_WARN_EMPTY_BODY = YES;
				CLANG_WARN_ENUM_CONVERSION = YES;
				CLANG_WARN_INFINITE_RECURSION = YES;
				CLANG_WARN_INT_CONVERSION = YES;
				CLANG_WARN_NON_LITERAL_NULL_CONVERSION = YES;
				CLANG_WARN_OBJC_IMPLICIT_RETAIN_SELF = YES;
				CLANG_WARN_OBJC_LITERAL_CONVERSION = YES;
				CLANG_WARN_OBJC_ROOT_CLASS = YES_ERROR;
				CLANG_WARN_QUOTED_INCLUDE_IN_FRAMEWORK_HEADER = YES;
				CLANG_WARN_RANGE_LOOP_ANALYSIS = YES;
				CLANG_WARN_STRICT_PROTOTYPES = YES;
				CLANG_WARN_SUSPICIOUS_MOVE = YES;
				CLANG_WARN_UNGUARDED_AVAILABILITY = YES_AGGRESSIVE;
				CLANG_WARN_UNREACHABLE_CODE = YES;
				CLANG_WARN__DUPLICATE_METHOD_MATCH = YES;
				COPY_PHASE_STRIP = NO;
				DEBUG_INFORMATION_FORMAT = "dwarf-with-dsym";
				ENABLE_NS_ASSERTIONS = NO;
				ENABLE_STRICT_OBJC_MSGSEND = YES;
				ENABLE_USER_SCRIPT_SANDBOXING = YES;
				GCC_C_LANGUAGE_STANDARD = gnu17;
				GCC_NO_COMMON_BLOCKS = YES;
				GCC_WARN_64_TO_32_BIT_CONVERSION = YES;
				GCC_WARN_ABOUT_RETURN_TYPE = YES_ERROR;
				GCC_WARN_UNDECLARED_SELECTOR = YES;
				GCC_WARN_UNINITIALIZED_AUTOS = YES_AGGRESSIVE;
				GCC_WARN_UNUSED_FUNCTION = YES;
				GCC_WARN_UNUSED_VARIABLE = YES;
				IPHONEOS_DEPLOYMENT_TARGET = 17.2;
				LOCALIZATION_PREFERS_STRING_CATALOGS = YES;
				MTL_ENABLE_DEBUG_INFO = NO;
				MTL_FAST_MATH = YES;
				SDKROOT = iphoneos;
				SWIFT_COMPILATION_MODE = wholemodule;
				VALIDATE_PRODUCT = YES;
			};
			name = Release;
		};
		1ADF0BAD2BDCC4BF008481D8 /* Debug */ = {
			isa = XCBuildConfiguration;
			buildSettings = {
				ASSETCATALOG_COMPILER_APPICON_NAME = AppIcon;
				ASSETCATALOG_COMPILER_GLOBAL_ACCENT_COLOR_NAME = AccentColor;
				CODE_SIGN_STYLE = Automatic;
				CURRENT_PROJECT_VERSION = 1;
				DEVELOPMENT_ASSET_PATHS = "\"PencilPDFDemoApp/Preview Content\"";
				DEVELOPMENT_TEAM = B9U954AWHU;
				ENABLE_PREVIEWS = YES;
				GENERATE_INFOPLIST_FILE = YES;
				INFOPLIST_FILE = PencilPDFDemoApp/Info.plist;
				INFOPLIST_KEY_UIApplicationSceneManifest_Generation = YES;
				INFOPLIST_KEY_UIApplicationSupportsIndirectInputEvents = YES;
				INFOPLIST_KEY_UILaunchScreen_Generation = YES;
				INFOPLIST_KEY_UISupportedInterfaceOrientations_iPad = "UIInterfaceOrientationPortrait UIInterfaceOrientationPortraitUpsideDown UIInterfaceOrientationLandscapeLeft UIInterfaceOrientationLandscapeRight";
				INFOPLIST_KEY_UISupportedInterfaceOrientations_iPhone = "UIInterfaceOrientationPortrait UIInterfaceOrientationLandscapeLeft UIInterfaceOrientationLandscapeRight";
				LD_RUNPATH_SEARCH_PATHS = (
					"$(inherited)",
					"@executable_path/Frameworks",
				);
				MARKETING_VERSION = 1.0;
				PRODUCT_BUNDLE_IDENTIFIER = com.zerom.PencilPDFDemoApp;
				PRODUCT_NAME = "$(TARGET_NAME)";
				SUPPORTED_PLATFORMS = "iphoneos iphonesimulator";
				SUPPORTS_MACCATALYST = NO;
				SUPPORTS_MAC_DESIGNED_FOR_IPHONE_IPAD = NO;
				SWIFT_EMIT_LOC_STRINGS = YES;
				SWIFT_VERSION = 5.0;
				TARGETED_DEVICE_FAMILY = 2;
			};
			name = Debug;
		};
		1ADF0BAE2BDCC4BF008481D8 /* Release */ = {
			isa = XCBuildConfiguration;
			buildSettings = {
				ASSETCATALOG_COMPILER_APPICON_NAME = AppIcon;
				ASSETCATALOG_COMPILER_GLOBAL_ACCENT_COLOR_NAME = AccentColor;
				CODE_SIGN_STYLE = Automatic;
				CURRENT_PROJECT_VERSION = 1;
				DEVELOPMENT_ASSET_PATHS = "\"PencilPDFDemoApp/Preview Content\"";
				DEVELOPMENT_TEAM = B9U954AWHU;
				ENABLE_PREVIEWS = YES;
				GENERATE_INFOPLIST_FILE = YES;
				INFOPLIST_FILE = PencilPDFDemoApp/Info.plist;
				INFOPLIST_KEY_UIApplicationSceneManifest_Generation = YES;
				INFOPLIST_KEY_UIApplicationSupportsIndirectInputEvents = YES;
				INFOPLIST_KEY_UILaunchScreen_Generation = YES;
				INFOPLIST_KEY_UISupportedInterfaceOrientations_iPad = "UIInterfaceOrientationPortrait UIInterfaceOrientationPortraitUpsideDown UIInterfaceOrientationLandscapeLeft UIInterfaceOrientationLandscapeRight";
				INFOPLIST_KEY_UISupportedInterfaceOrientations_iPhone = "UIInterfaceOrientationPortrait UIInterfaceOrientationLandscapeLeft UIInterfaceOrientationLandscapeRight";
				LD_RUNPATH_SEARCH_PATHS = (
					"$(inherited)",
					"@executable_path/Frameworks",
				);
				MARKETING_VERSION = 1.0;
				PRODUCT_BUNDLE_IDENTIFIER = com.zerom.PencilPDFDemoApp;
				PRODUCT_NAME = "$(TARGET_NAME)";
				SUPPORTED_PLATFORMS = "iphoneos iphonesimulator";
				SUPPORTS_MACCATALYST = NO;
				SUPPORTS_MAC_DESIGNED_FOR_IPHONE_IPAD = NO;
				SWIFT_EMIT_LOC_STRINGS = YES;
				SWIFT_VERSION = 5.0;
				TARGETED_DEVICE_FAMILY = 2;
			};
			name = Release;
		};
/* End XCBuildConfiguration section */

/* Begin XCConfigurationList section */
		1ADF0B992BDCC4BE008481D8 /* Build configuration list for PBXProject "PencilPDFDemoApp" */ = {
			isa = XCConfigurationList;
			buildConfigurations = (
				1ADF0BAA2BDCC4BF008481D8 /* Debug */,
				1ADF0BAB2BDCC4BF008481D8 /* Release */,
			);
			defaultConfigurationIsVisible = 0;
			defaultConfigurationName = Release;
		};
		1ADF0BAC2BDCC4BF008481D8 /* Build configuration list for PBXNativeTarget "PencilPDFDemoApp" */ = {
			isa = XCConfigurationList;
			buildConfigurations = (
				1ADF0BAD2BDCC4BF008481D8 /* Debug */,
				1ADF0BAE2BDCC4BF008481D8 /* Release */,
			);
			defaultConfigurationIsVisible = 0;
			defaultConfigurationName = Release;
		};
/* End XCConfigurationList section */

/* Begin XCRemoteSwiftPackageReference section */
		1A49F0042BDF8CF300C183CC /* XCRemoteSwiftPackageReference "realm-swift" */ = {
			isa = XCRemoteSwiftPackageReference;
			repositoryURL = "https://github.com/realm/realm-swift";
			requirement = {
				branch = master;
				kind = branch;
			};
		};
/* End XCRemoteSwiftPackageReference section */

/* Begin XCSwiftPackageProductDependency section */
		1A49F0052BDF8CF300C183CC /* Realm */ = {
			isa = XCSwiftPackageProductDependency;
			package = 1A49F0042BDF8CF300C183CC /* XCRemoteSwiftPackageReference "realm-swift" */;
			productName = Realm;
		};
		1A49F0072BDF8CF300C183CC /* RealmSwift */ = {
			isa = XCSwiftPackageProductDependency;
			package = 1A49F0042BDF8CF300C183CC /* XCRemoteSwiftPackageReference "realm-swift" */;
			productName = RealmSwift;
		};
/* End XCSwiftPackageProductDependency section */
	};
	rootObject = 1ADF0B962BDCC4BE008481D8 /* Project object */;
}
